
Microsoft Visual Studio Solution File, Format Version 12.00
# Visual Studio Version 17
VisualStudioVersion = 17.14.37203.1
MinimumVisualStudioVersion = 10.0.40219.1
Project("{2150E333-8FDC-42A3-9474-1A3956D46DE8}") = "demo", "demo", "{963D8CE8-920C-40D1-8AC1-02B0B1B2E3BA}"
EndProject
Project("{FAE04EC0-301F-11D3-BF4B-00C04F79EFBC}") = "AspCoreAgent", "demo\AspCoreAgent\AspCoreAgent.csproj", "{1AD31288-8480-4915-9FC7-D24643BEEBDD}"
EndProject
Project("{FAE04EC0-301F-11D3-BF4B-00C04F79EFBC}") = "Demo.Common", "demo\Demo.Common\Demo.Common.csproj", "{6D1B46D8-2B12-C57F-2762-5291F29E9A78}"
EndProject
Project("{FAE04EC0-301F-11D3-BF4B-00C04F79EFBC}") = "Demo.EasyCore.Agent", "demo\Demo.EasyCore.Agent\Demo.EasyCore.Agent.csproj", "{ECCCB260-A322-E430-7EF5-A17D5A3870A4}"
EndProject
Project("{FAE04EC0-301F-11D3-BF4B-00C04F79EFBC}") = "Demo.EasyCore.Agent.RAG", "demo\Demo.EasyCore.Agent.RAG\Demo.EasyCore.Agent.RAG.csproj", "{7ECE455D-4C26-818F-B787-D52B4B387A6F}"
EndProject
Project("{FAE04EC0-301F-11D3-BF4B-00C04F79EFBC}") = "Demo.EasyCore.Pipeline", "demo\Demo.EasyCore.Pipeline\Demo.EasyCore.Pipeline.csproj", "{DFF3FC45-0082-B7D2-B65A-95DBA869C374}"
EndProject
Project("{FAE04EC0-301F-11D3-BF4B-00C04F79EFBC}") = "Demo.EasyCore.Vector.Elasticsearch", "demo\Demo.EasyCore.Vector.Elasticsearch\Demo.EasyCore.Vector.Elasticsearch.csproj", "{974CA639-FA6A-57A7-9948-9ADF4B12C615}"
EndProject
Project("{FAE04EC0-301F-11D3-BF4B-00C04F79EFBC}") = "Demo.EasyCore.Vector.Milvus", "demo\Demo.EasyCore.Vector.Milvus\Demo.EasyCore.Vector.Milvus.csproj", "{9F85680F-8788-0E53-C3AA-2F19D1D1EDF6}"
EndProject
Project("{FAE04EC0-301F-11D3-BF4B-00C04F79EFBC}") = "Demo.EasyCore.Vector.PostgreSQL", "demo\Demo.EasyCore.Vector.PostgreSQL\Demo.EasyCore.Vector.PostgreSQL.csproj", "{2FA70D60-930B-3856-A1CB-87CDF23D1329}"
EndProject
Project("{FAE04EC0-301F-11D3-BF4B-00C04F79EFBC}") = "Demo.EasyCore.Vector.Qdrant", "demo\Demo.EasyCore.Vector.Qdrant\Demo.EasyCore.Vector.Qdrant.csproj", "{C0790888-296F-0239-780D-08264B93650B}"
EndProject
Project("{FAE04EC0-301F-11D3-BF4B-00C04F79EFBC}") = "Demo.EasyCore.Vector.Redis", "demo\Demo.EasyCore.Vector.Redis\Demo.EasyCore.Vector.Redis.csproj", "{B4F3B209-18CC-1B94-0423-523BF63B0A87}"
EndProject
Global
	GlobalSection(SolutionConfigurationPlatforms) = preSolution
		Debug|Any CPU = Debug|Any CPU
		Release|Any CPU = Release|Any CPU
	EndGlobalSection
	GlobalSection(ProjectConfigurationPlatforms) = postSolution
		{1AD31288-8480-4915-9FC7-D24643BEEBDD}.Debug|Any CPU.ActiveCfg = Debug|Any CPU
		{1AD31288-8480-4915-9FC7-D24643BEEBDD}.Debug|Any CPU.Build.0 = Debug|Any CPU
		{1AD31288-8480-4915-9FC7-D24643BEEBDD}.Release|Any CPU.ActiveCfg = Release|Any CPU
		{1AD31288-8480-4915-9FC7-D24643BEEBDD}.Release|Any CPU.Build.0 = Release|Any CPU
		{6D1B46D8-2B12-C57F-2762-5291F29E9A78}.Debug|Any CPU.ActiveCfg = Debug|Any CPU
		{6D1B46D8-2B12-C57F-2762-5291F29E9A78}.Debug|Any CPU.Build.0 = Debug|Any CPU
		{6D1B46D8-2B12-C57F-2762-5291F29E9A78}.Release|Any CPU.ActiveCfg = Release|Any CPU
		{6D1B46D8-2B12-C57F-2762-5291F29E9A78}.Release|Any CPU.Build.0 = Release|Any CPU
		{ECCCB260-A322-E430-7EF5-A17D5A3870A4}.Debug|Any CPU.ActiveCfg = Debug|Any CPU
		{ECCCB260-A322-E430-7EF5-A17D5A3870A4}.Debug|Any CPU.Build.0 = Debug|Any CPU
		{ECCCB260-A322-E430-7EF5-A17D5A3870A4}.Release|Any CPU.ActiveCfg = Release|Any CPU
		{ECCCB260-A322-E430-7EF5-A17D5A3870A4}.Release|Any CPU.Build.0 = Release|Any CPU
		{7ECE455D-4C26-818F-B787-D52B4B387A6F}.Debug|Any CPU.ActiveCfg = Debug|Any CPU
		{7ECE455D-4C26-818F-B787-D52B4B387A6F}.Debug|Any CPU.Build.0 = Debug|Any CPU
		{7ECE455D-4C26-818F-B787-D52B4B387A6F}.Release|Any CPU.ActiveCfg = Release|Any CPU
		{7ECE455D-4C26-818F-B787-D52B4B387A6F}.Release|Any CPU.Build.0 = Release|Any CPU
		{DFF3FC45-0082-B7D2-B65A-95DBA869C374}.Debug|Any CPU.ActiveCfg = Debug|Any CPU
		{DFF3FC45-0082-B7D2-B65A-95DBA869C374}.Debug|Any CPU.Build.0 = Debug|Any CPU
		{DFF3FC45-0082-B7D2-B65A-95DBA869C374}.Release|Any CPU.ActiveCfg = Release|Any CPU
		{DFF3FC45-0082-B7D2-B65A-95DBA869C374}.Release|Any CPU.Build.0 = Release|Any CPU
		{974CA639-FA6A-57A7-9948-9ADF4B12C615}.Debug|Any CPU.ActiveCfg = Debug|Any CPU
		{974CA639-FA6A-57A7-9948-9ADF4B12C615}.Debug|Any CPU.Build.0 = Debug|Any CPU
		{974CA639-FA6A-57A7-9948-9ADF4B12C615}.Release|Any CPU.ActiveCfg = Release|Any CPU
		{974CA639-FA6A-57A7-9948-9ADF4B12C615}.Release|Any CPU.Build.0 = Release|Any CPU
		{9F85680F-8788-0E53-C3AA-2F19D1D1EDF6}.Debug|Any CPU.ActiveCfg = Debug|Any CPU
		{9F85680F-8788-0E53-C3AA-2F19D1D1EDF6}.Debug|Any CPU.Build.0 = Debug|Any CPU
		{9F85680F-8788-0E53-C3AA-2F19D1D1EDF6}.Release|Any CPU.ActiveCfg = Release|Any CPU
		{9F85680F-8788-0E53-C3AA-2F19D1D1EDF6}.Release|Any CPU.Build.0 = Release|Any CPU
		{2FA70D60-930B-3856-A1CB-87CDF23D1329}.Debug|Any CPU.ActiveCfg = Debug|Any CPU
		{2FA70D60-930B-3856-A1CB-87CDF23D1329}.Debug|Any CPU.Build.0 = Debug|Any CPU
		{2FA70D60-930B-3856-A1CB-87CDF23D1329}.Release|Any CPU.ActiveCfg = Release|Any CPU
		{2FA70D60-930B-3856-A1CB-87CDF23D1329}.Release|Any CPU.Build.0 = Release|Any CPU
		{C0790888-296F-0239-780D-08264B93650B}.Debug|Any CPU.ActiveCfg = Debug|Any CPU
		{C0790888-296F-0239-780D-08264B93650B}.Debug|Any CPU.Build.0 = Debug|Any CPU
		{C0790888-296F-0239-780D-08264B93650B}.Release|Any CPU.ActiveCfg = Release|Any CPU
		{C0790888-296F-0239-780D-08264B93650B}.Release|Any CPU.Build.0 = Release|Any CPU
		{B4F3B209-18CC-1B94-0423-523BF63B0A87}.Debug|Any CPU.ActiveCfg = Debug|Any CPU
		{B4F3B209-18CC-1B94-0423-523BF63B0A87}.Debug|Any CPU.Build.0 = Debug|Any CPU
		{B4F3B209-18CC-1B94-0423-523BF63B0A87}.Release|Any CPU.ActiveCfg = Release|Any CPU
		{B4F3B209-18CC-1B94-0423-523BF63B0A87}.Release|Any CPU.Build.0 = Release|Any CPU
	EndGlobalSection
	GlobalSection(SolutionProperties) = preSolution
		HideSolutionNode = FALSE
	EndGlobalSection
	GlobalSection(NestedProjects) = preSolution
		{1AD31288-8480-4915-9FC7-D24643BEEBDD} = {963D8CE8-920C-40D1-8AC1-02B0B1B2E3BA}
		{6D1B46D8-2B12-C57F-2762-5291F29E9A78} = {963D8CE8-920C-40D1-8AC1-02B0B1B2E3BA}
		{ECCCB260-A322-E430-7EF5-A17D5A3870A4} = {963D8CE8-920C-40D1-8AC1-02B0B1B2E3BA}
		{7ECE455D-4C26-818F-B787-D52B4B387A6F} = {963D8CE8-920C-40D1-8AC1-02B0B1B2E3BA}
		{DFF3FC45-0082-B7D2-B65A-95DBA869C374} = {963D8CE8-920C-40D1-8AC1-02B0B1B2E3BA}
		{974CA639-FA6A-57A7-9948-9ADF4B12C615} = {963D8CE8-920C-40D1-8AC1-02B0B1B2E3BA}
		{9F85680F-8788-0E53-C3AA-2F19D1D1EDF6} = {963D8CE8-920C-40D1-8AC1-02B0B1B2E3BA}
		{2FA70D60-930B-3856-A1CB-87CDF23D1329} = {963D8CE8-920C-40D1-8AC1-02B0B1B2E3BA}
		{C0790888-296F-0239-780D-08264B93650B} = {963D8CE8-920C-40D1-8AC1-02B0B1B2E3BA}
		{B4F3B209-18CC-1B94-0423-523BF63B0A87} = {963D8CE8-920C-40D1-8AC1-02B0B1B2E3BA}
	EndGlobalSection
	GlobalSection(ExtensibilityGlobals) = postSolution
		SolutionGuid = {30F3F7D8-7AE8-4690-880C-6F61EE468CFA}
	EndGlobalSection
EndGlobal
